// !$*UTF8*$!
{
	archiveVersion = 1;
	classes = {
	};
	objectVersion = 50;
	objects = {

/* Begin PBXBuildFile section */
		7235ED0B24F8037F00836CC0 /* AppDelegate.swift in Sources */ = {isa = PBXBuildFile; fileRef = 7235ED0A24F8037F00836CC0 /* AppDelegate.swift */; };
		7235ED0D24F8037F00836CC0 /* SceneDelegate.swift in Sources */ = {isa = PBXBuildFile; fileRef = 7235ED0C24F8037F00836CC0 /* SceneDelegate.swift */; };
		7235ED1124F8038100836CC0 /* Assets.xcassets in Resources */ = {isa = PBXBuildFile; fileRef = 7235ED1024F8038100836CC0 /* Assets.xcassets */; };
		7235ED1424F8038100836CC0 /* Preview Assets.xcassets in Resources */ = {isa = PBXBuildFile; fileRef = 7235ED1324F8038100836CC0 /* Preview Assets.xcassets */; };
		7235ED1724F8038100836CC0 /* LaunchScreen.storyboard in Resources */ = {isa = PBXBuildFile; fileRef = 7235ED1524F8038100836CC0 /* LaunchScreen.storyboard */; };
		7235ED2224F8038100836CC0 /* ArchitecturePlaygroundTests.swift in Sources */ = {isa = PBXBuildFile; fileRef = 7235ED2124F8038100836CC0 /* ArchitecturePlaygroundTests.swift */; };
		7235ED2D24F8038100836CC0 /* ArchitecturePlaygroundUITests.swift in Sources */ = {isa = PBXBuildFile; fileRef = 7235ED2C24F8038100836CC0 /* ArchitecturePlaygroundUITests.swift */; };
		7235ED3C24F803C200836CC0 /* AuthVIPER.swift in Sources */ = {isa = PBXBuildFile; fileRef = 7235ED3B24F803C200836CC0 /* AuthVIPER.swift */; };
		72EDCC4724FE8F0900A511A1 /* AuthenticationView.swift in Sources */ = {isa = PBXBuildFile; fileRef = 72EDCC4624FE8F0900A511A1 /* AuthenticationView.swift */; };
		72EDCC4924FE8F1700A511A1 /* JobListView.swift in Sources */ = {isa = PBXBuildFile; fileRef = 72EDCC4824FE8F1700A511A1 /* JobListView.swift */; };
		72EDCC4B24FE8F2400A511A1 /* JobDetailView.swift in Sources */ = {isa = PBXBuildFile; fileRef = 72EDCC4A24FE8F2400A511A1 /* JobDetailView.swift */; };
		72EDCC5024FE924500A511A1 /* AuthenticationAPI.swift in Sources */ = {isa = PBXBuildFile; fileRef = 72EDCC4F24FE924500A511A1 /* AuthenticationAPI.swift */; };
		72EDCC5924FE974B00A511A1 /* AuthenticationMVVMView.swift in Sources */ = {isa = PBXBuildFile; fileRef = 72EDCC5824FE974B00A511A1 /* AuthenticationMVVMView.swift */; };
		72EDCC5B24FE978500A511A1 /* AuthenticationMVVMViewModel.swift in Sources */ = {isa = PBXBuildFile; fileRef = 72EDCC5A24FE978500A511A1 /* AuthenticationMVVMViewModel.swift */; };
		72EDCC5D24FE979600A511A1 /* AuthenticationMVVMCoordinator.swift in Sources */ = {isa = PBXBuildFile; fileRef = 72EDCC5C24FE979600A511A1 /* AuthenticationMVVMCoordinator.swift */; };
		72EDCC6024FE994200A511A1 /* Coordinator.swift in Sources */ = {isa = PBXBuildFile; fileRef = 72EDCC5F24FE994200A511A1 /* Coordinator.swift */; };
		72FB426124FE9DC20013EFA5 /* UserSessionStore.swift in Sources */ = {isa = PBXBuildFile; fileRef = 72FB426024FE9DC20013EFA5 /* UserSessionStore.swift */; };
		72FB426424FE9E860013EFA5 /* UserSessionRepository.swift in Sources */ = {isa = PBXBuildFile; fileRef = 72FB426324FE9E860013EFA5 /* UserSessionRepository.swift */; };
		72FB426724FEA7C00013EFA5 /* PublisherExtensions.swift in Sources */ = {isa = PBXBuildFile; fileRef = 72FB426624FEA7C00013EFA5 /* PublisherExtensions.swift */; };
		72FB426B24FEABD50013EFA5 /* UserSession.swift in Sources */ = {isa = PBXBuildFile; fileRef = 72FB426A24FEABD50013EFA5 /* UserSession.swift */; };
		72FB426D24FEABEB0013EFA5 /* Job.swift in Sources */ = {isa = PBXBuildFile; fileRef = 72FB426C24FEABEB0013EFA5 /* Job.swift */; };
		72FB426F24FEB3550013EFA5 /* JobListMVVMView.swift in Sources */ = {isa = PBXBuildFile; fileRef = 72FB426E24FEB3550013EFA5 /* JobListMVVMView.swift */; };
		72FB427124FEB36B0013EFA5 /* JobListMVVMViewModel.swift in Sources */ = {isa = PBXBuildFile; fileRef = 72FB427024FEB36B0013EFA5 /* JobListMVVMViewModel.swift */; };
		72FB427324FEB37C0013EFA5 /* JobListMVVMCoordinator.swift in Sources */ = {isa = PBXBuildFile; fileRef = 72FB427224FEB37C0013EFA5 /* JobListMVVMCoordinator.swift */; };
		72FB427524FEB5AB0013EFA5 /* JobsAPI.swift in Sources */ = {isa = PBXBuildFile; fileRef = 72FB427424FEB5AB0013EFA5 /* JobsAPI.swift */; };
		72FB427824FEC6770013EFA5 /* JobDetailsMVVMView.swift in Sources */ = {isa = PBXBuildFile; fileRef = 72FB427724FEC6770013EFA5 /* JobDetailsMVVMView.swift */; };
		72FB427A24FEC68E0013EFA5 /* JobDetailsMVVMViewModel.swift in Sources */ = {isa = PBXBuildFile; fileRef = 72FB427924FEC68E0013EFA5 /* JobDetailsMVVMViewModel.swift */; };
		72FB427C24FEC69E0013EFA5 /* JobDetailsMVVMCoordinator.swift in Sources */ = {isa = PBXBuildFile; fileRef = 72FB427B24FEC69E0013EFA5 /* JobDetailsMVVMCoordinator.swift */; };
/* End PBXBuildFile section */

/* Begin PBXContainerItemProxy section */
		7235ED1E24F8038100836CC0 /* PBXContainerItemProxy */ = {
			isa = PBXContainerItemProxy;
			containerPortal = 7235ECFF24F8037F00836CC0 /* Project object */;
			proxyType = 1;
			remoteGlobalIDString = 7235ED0624F8037F00836CC0;
			remoteInfo = ArchitecturePlayground;
		};
		7235ED2924F8038100836CC0 /* PBXContainerItemProxy */ = {
			isa = PBXContainerItemProxy;
			containerPortal = 7235ECFF24F8037F00836CC0 /* Project object */;
			proxyType = 1;
			remoteGlobalIDString = 7235ED0624F8037F00836CC0;
			remoteInfo = ArchitecturePlayground;
		};
/* End PBXContainerItemProxy section */

/* Begin PBXFileReference section */
		7235ED0724F8037F00836CC0 /* ArchitecturePlayground.app */ = {isa = PBXFileReference; explicitFileType = wrapper.application; includeInIndex = 0; path = ArchitecturePlayground.app; sourceTree = BUILT_PRODUCTS_DIR; };
		7235ED0A24F8037F00836CC0 /* AppDelegate.swift */ = {isa = PBXFileReference; lastKnownFileType = sourcecode.swift; path = AppDelegate.swift; sourceTree = "<group>"; };
		7235ED0C24F8037F00836CC0 /* SceneDelegate.swift */ = {isa = PBXFileReference; lastKnownFileType = sourcecode.swift; path = SceneDelegate.swift; sourceTree = "<group>"; };
		7235ED1024F8038100836CC0 /* Assets.xcassets */ = {isa = PBXFileReference; lastKnownFileType = folder.assetcatalog; path = Assets.xcassets; sourceTree = "<group>"; };
		7235ED1324F8038100836CC0 /* Preview Assets.xcassets */ = {isa = PBXFileReference; lastKnownFileType = folder.assetcatalog; path = "Preview Assets.xcassets"; sourceTree = "<group>"; };
		7235ED1624F8038100836CC0 /* Base */ = {isa = PBXFileReference; lastKnownFileType = file.storyboard; name = Base; path = Base.lproj/LaunchScreen.storyboard; sourceTree = "<group>"; };
		7235ED1824F8038100836CC0 /* Info.plist */ = {isa = PBXFileReference; lastKnownFileType = text.plist.xml; path = Info.plist; sourceTree = "<group>"; };
		7235ED1D24F8038100836CC0 /* ArchitecturePlaygroundTests.xctest */ = {isa = PBXFileReference; explicitFileType = wrapper.cfbundle; includeInIndex = 0; path = ArchitecturePlaygroundTests.xctest; sourceTree = BUILT_PRODUCTS_DIR; };
		7235ED2124F8038100836CC0 /* ArchitecturePlaygroundTests.swift */ = {isa = PBXFileReference; lastKnownFileType = sourcecode.swift; path = ArchitecturePlaygroundTests.swift; sourceTree = "<group>"; };
		7235ED2324F8038100836CC0 /* Info.plist */ = {isa = PBXFileReference; lastKnownFileType = text.plist.xml; path = Info.plist; sourceTree = "<group>"; };
		7235ED2824F8038100836CC0 /* ArchitecturePlaygroundUITests.xctest */ = {isa = PBXFileReference; explicitFileType = wrapper.cfbundle; includeInIndex = 0; path = ArchitecturePlaygroundUITests.xctest; sourceTree = BUILT_PRODUCTS_DIR; };
		7235ED2C24F8038100836CC0 /* ArchitecturePlaygroundUITests.swift */ = {isa = PBXFileReference; lastKnownFileType = sourcecode.swift; path = ArchitecturePlaygroundUITests.swift; sourceTree = "<group>"; };
		7235ED2E24F8038100836CC0 /* Info.plist */ = {isa = PBXFileReference; lastKnownFileType = text.plist.xml; path = Info.plist; sourceTree = "<group>"; };
		7235ED3B24F803C200836CC0 /* AuthVIPER.swift */ = {isa = PBXFileReference; lastKnownFileType = sourcecode.swift; path = AuthVIPER.swift; sourceTree = "<group>"; };
		72EDCC4624FE8F0900A511A1 /* AuthenticationView.swift */ = {isa = PBXFileReference; lastKnownFileType = sourcecode.swift; path = AuthenticationView.swift; sourceTree = "<group>"; };
		72EDCC4824FE8F1700A511A1 /* JobListView.swift */ = {isa = PBXFileReference; lastKnownFileType = sourcecode.swift; path = JobListView.swift; sourceTree = "<group>"; };
		72EDCC4A24FE8F2400A511A1 /* JobDetailView.swift */ = {isa = PBXFileReference; lastKnownFileType = sourcecode.swift; path = JobDetailView.swift; sourceTree = "<group>"; };
		72EDCC4F24FE924500A511A1 /* AuthenticationAPI.swift */ = {isa = PBXFileReference; lastKnownFileType = sourcecode.swift; path = AuthenticationAPI.swift; sourceTree = "<group>"; };
		72EDCC5824FE974B00A511A1 /* AuthenticationMVVMView.swift */ = {isa = PBXFileReference; lastKnownFileType = sourcecode.swift; path = AuthenticationMVVMView.swift; sourceTree = "<group>"; };
		72EDCC5A24FE978500A511A1 /* AuthenticationMVVMViewModel.swift */ = {isa = PBXFileReference; lastKnownFileType = sourcecode.swift; path = AuthenticationMVVMViewModel.swift; sourceTree = "<group>"; };
		72EDCC5C24FE979600A511A1 /* AuthenticationMVVMCoordinator.swift */ = {isa = PBXFileReference; lastKnownFileType = sourcecode.swift; path = AuthenticationMVVMCoordinator.swift; sourceTree = "<group>"; };
		72EDCC5F24FE994200A511A1 /* Coordinator.swift */ = {isa = PBXFileReference; lastKnownFileType = sourcecode.swift; path = Coordinator.swift; sourceTree = "<group>"; };
		72FB426024FE9DC20013EFA5 /* UserSessionStore.swift */ = {isa = PBXFileReference; lastKnownFileType = sourcecode.swift; path = UserSessionStore.swift; sourceTree = "<group>"; };
		72FB426324FE9E860013EFA5 /* UserSessionRepository.swift */ = {isa = PBXFileReference; lastKnownFileType = sourcecode.swift; path = UserSessionRepository.swift; sourceTree = "<group>"; };
		72FB426624FEA7C00013EFA5 /* PublisherExtensions.swift */ = {isa = PBXFileReference; lastKnownFileType = sourcecode.swift; path = PublisherExtensions.swift; sourceTree = "<group>"; };
		72FB426A24FEABD50013EFA5 /* UserSession.swift */ = {isa = PBXFileReference; lastKnownFileType = sourcecode.swift; path = UserSession.swift; sourceTree = "<group>"; };
		72FB426C24FEABEB0013EFA5 /* Job.swift */ = {isa = PBXFileReference; lastKnownFileType = sourcecode.swift; path = Job.swift; sourceTree = "<group>"; };
		72FB426E24FEB3550013EFA5 /* JobListMVVMView.swift */ = {isa = PBXFileReference; lastKnownFileType = sourcecode.swift; path = JobListMVVMView.swift; sourceTree = "<group>"; };
		72FB427024FEB36B0013EFA5 /* JobListMVVMViewModel.swift */ = {isa = PBXFileReference; lastKnownFileType = sourcecode.swift; path = JobListMVVMViewModel.swift; sourceTree = "<group>"; };
		72FB427224FEB37C0013EFA5 /* JobListMVVMCoordinator.swift */ = {isa = PBXFileReference; lastKnownFileType = sourcecode.swift; path = JobListMVVMCoordinator.swift; sourceTree = "<group>"; };
		72FB427424FEB5AB0013EFA5 /* JobsAPI.swift */ = {isa = PBXFileReference; lastKnownFileType = sourcecode.swift; path = JobsAPI.swift; sourceTree = "<group>"; };
		72FB427724FEC6770013EFA5 /* JobDetailsMVVMView.swift */ = {isa = PBXFileReference; lastKnownFileType = sourcecode.swift; path = JobDetailsMVVMView.swift; sourceTree = "<group>"; };
		72FB427924FEC68E0013EFA5 /* JobDetailsMVVMViewModel.swift */ = {isa = PBXFileReference; lastKnownFileType = sourcecode.swift; path = JobDetailsMVVMViewModel.swift; sourceTree = "<group>"; };
		72FB427B24FEC69E0013EFA5 /* JobDetailsMVVMCoordinator.swift */ = {isa = PBXFileReference; lastKnownFileType = sourcecode.swift; path = JobDetailsMVVMCoordinator.swift; sourceTree = "<group>"; };
/* End PBXFileReference section */

/* Begin PBXFrameworksBuildPhase section */
		7235ED0424F8037F00836CC0 /* Frameworks */ = {
			isa = PBXFrameworksBuildPhase;
			buildActionMask = 2147483647;
			files = (
			);
			runOnlyForDeploymentPostprocessing = 0;
		};
		7235ED1A24F8038100836CC0 /* Frameworks */ = {
			isa = PBXFrameworksBuildPhase;
			buildActionMask = 2147483647;
			files = (
			);
			runOnlyForDeploymentPostprocessing = 0;
		};
		7235ED2524F8038100836CC0 /* Frameworks */ = {
			isa = PBXFrameworksBuildPhase;
			buildActionMask = 2147483647;
			files = (
			);
			runOnlyForDeploymentPostprocessing = 0;
		};
/* End PBXFrameworksBuildPhase section */

/* Begin PBXGroup section */
		7235ECFE24F8037F00836CC0 = {
			isa = PBXGroup;
			children = (
				7235ED0924F8037F00836CC0 /* ArchitecturePlayground */,
				7235ED2024F8038100836CC0 /* ArchitecturePlaygroundTests */,
				7235ED2B24F8038100836CC0 /* ArchitecturePlaygroundUITests */,
				7235ED0824F8037F00836CC0 /* Products */,
			);
			sourceTree = "<group>";
		};
		7235ED0824F8037F00836CC0 /* Products */ = {
			isa = PBXGroup;
			children = (
				7235ED0724F8037F00836CC0 /* ArchitecturePlayground.app */,
				7235ED1D24F8038100836CC0 /* ArchitecturePlaygroundTests.xctest */,
				7235ED2824F8038100836CC0 /* ArchitecturePlaygroundUITests.xctest */,
			);
			name = Products;
			sourceTree = "<group>";
		};
		7235ED0924F8037F00836CC0 /* ArchitecturePlayground */ = {
			isa = PBXGroup;
			children = (
				72FB426924FEABC70013EFA5 /* Model */,
				72FB426524FEA7B00013EFA5 /* Extensions */,
				72FB426224FE9E670013EFA5 /* Repositories */,
				72EDCC4E24FE922E00A511A1 /* Services */,
				72EDCC4524FE8EF000A511A1 /* Base Views */,
				72EDCC5624FE971200A511A1 /* MVVM */,
				7235ED3A24F8039B00836CC0 /* VIPER */,
				72EDCC4424FE8EB200A511A1 /* System */,
				7235ED1024F8038100836CC0 /* Assets.xcassets */,
				7235ED1524F8038100836CC0 /* LaunchScreen.storyboard */,
				7235ED1824F8038100836CC0 /* Info.plist */,
				7235ED1224F8038100836CC0 /* Preview Content */,
			);
			path = ArchitecturePlayground;
			sourceTree = "<group>";
		};
		7235ED1224F8038100836CC0 /* Preview Content */ = {
			isa = PBXGroup;
			children = (
				7235ED1324F8038100836CC0 /* Preview Assets.xcassets */,
			);
			path = "Preview Content";
			sourceTree = "<group>";
		};
		7235ED2024F8038100836CC0 /* ArchitecturePlaygroundTests */ = {
			isa = PBXGroup;
			children = (
				7235ED2124F8038100836CC0 /* ArchitecturePlaygroundTests.swift */,
				7235ED2324F8038100836CC0 /* Info.plist */,
			);
			path = ArchitecturePlaygroundTests;
			sourceTree = "<group>";
		};
		7235ED2B24F8038100836CC0 /* ArchitecturePlaygroundUITests */ = {
			isa = PBXGroup;
			children = (
				7235ED2C24F8038100836CC0 /* ArchitecturePlaygroundUITests.swift */,
				7235ED2E24F8038100836CC0 /* Info.plist */,
			);
			path = ArchitecturePlaygroundUITests;
			sourceTree = "<group>";
		};
		7235ED3A24F8039B00836CC0 /* VIPER */ = {
			isa = PBXGroup;
			children = (
				7235ED3B24F803C200836CC0 /* AuthVIPER.swift */,
			);
			path = VIPER;
			sourceTree = "<group>";
		};
		72EDCC4424FE8EB200A511A1 /* System */ = {
			isa = PBXGroup;
			children = (
				7235ED0A24F8037F00836CC0 /* AppDelegate.swift */,
				7235ED0C24F8037F00836CC0 /* SceneDelegate.swift */,
			);
			path = System;
			sourceTree = "<group>";
		};
		72EDCC4524FE8EF000A511A1 /* Base Views */ = {
			isa = PBXGroup;
			children = (
				72EDCC4624FE8F0900A511A1 /* AuthenticationView.swift */,
				72EDCC4824FE8F1700A511A1 /* JobListView.swift */,
				72EDCC4A24FE8F2400A511A1 /* JobDetailView.swift */,
			);
			path = "Base Views";
			sourceTree = "<group>";
		};
		72EDCC4E24FE922E00A511A1 /* Services */ = {
			isa = PBXGroup;
			children = (
				72EDCC4F24FE924500A511A1 /* AuthenticationAPI.swift */,
				72FB426024FE9DC20013EFA5 /* UserSessionStore.swift */,
				72FB427424FEB5AB0013EFA5 /* JobsAPI.swift */,
			);
			path = Services;
			sourceTree = "<group>";
		};
		72EDCC5624FE971200A511A1 /* MVVM */ = {
			isa = PBXGroup;
			children = (
				72EDCC5E24FE993500A511A1 /* Common */,
				72EDCC5724FE972700A511A1 /* Authentication */,
				72FB426824FEA9A10013EFA5 /* Job List */,
				72FB427624FEC65F0013EFA5 /* Job Details */,
			);
			path = MVVM;
			sourceTree = "<group>";
		};
		72EDCC5724FE972700A511A1 /* Authentication */ = {
			isa = PBXGroup;
			children = (
				72EDCC5824FE974B00A511A1 /* AuthenticationMVVMView.swift */,
				72EDCC5A24FE978500A511A1 /* AuthenticationMVVMViewModel.swift */,
				72EDCC5C24FE979600A511A1 /* AuthenticationMVVMCoordinator.swift */,
			);
			path = Authentication;
			sourceTree = "<group>";
		};
		72EDCC5E24FE993500A511A1 /* Common */ = {
			isa = PBXGroup;
			children = (
				72EDCC5F24FE994200A511A1 /* Coordinator.swift */,
			);
			path = Common;
			sourceTree = "<group>";
		};
		72FB426224FE9E670013EFA5 /* Repositories */ = {
			isa = PBXGroup;
			children = (
				72FB426324FE9E860013EFA5 /* UserSessionRepository.swift */,
			);
			path = Repositories;
			sourceTree = "<group>";
		};
		72FB426524FEA7B00013EFA5 /* Extensions */ = {
			isa = PBXGroup;
			children = (
				72FB426624FEA7C00013EFA5 /* PublisherExtensions.swift */,
			);
			path = Extensions;
			sourceTree = "<group>";
		};
		72FB426824FEA9A10013EFA5 /* Job List */ = {
			isa = PBXGroup;
			children = (
				72FB426E24FEB3550013EFA5 /* JobListMVVMView.swift */,
				72FB427024FEB36B0013EFA5 /* JobListMVVMViewModel.swift */,
				72FB427224FEB37C0013EFA5 /* JobListMVVMCoordinator.swift */,
			);
			path = "Job List";
			sourceTree = "<group>";
		};
		72FB426924FEABC70013EFA5 /* Model */ = {
			isa = PBXGroup;
			children = (
				72FB426A24FEABD50013EFA5 /* UserSession.swift */,
				72FB426C24FEABEB0013EFA5 /* Job.swift */,
			);
			path = Model;
			sourceTree = "<group>";
		};
		72FB427624FEC65F0013EFA5 /* Job Details */ = {
			isa = PBXGroup;
			children = (
				72FB427724FEC6770013EFA5 /* JobDetailsMVVMView.swift */,
				72FB427924FEC68E0013EFA5 /* JobDetailsMVVMViewModel.swift */,
				72FB427B24FEC69E0013EFA5 /* JobDetailsMVVMCoordinator.swift */,
			);
			path = "Job Details";
			sourceTree = "<group>";
		};
/* End PBXGroup section */

/* Begin PBXNativeTarget section */
		7235ED0624F8037F00836CC0 /* ArchitecturePlayground */ = {
			isa = PBXNativeTarget;
			buildConfigurationList = 7235ED3124F8038100836CC0 /* Build configuration list for PBXNativeTarget "ArchitecturePlayground" */;
			buildPhases = (
				7235ED0324F8037F00836CC0 /* Sources */,
				7235ED0424F8037F00836CC0 /* Frameworks */,
				7235ED0524F8037F00836CC0 /* Resources */,
			);
			buildRules = (
			);
			dependencies = (
			);
			name = ArchitecturePlayground;
			productName = ArchitecturePlayground;
			productReference = 7235ED0724F8037F00836CC0 /* ArchitecturePlayground.app */;
			productType = "com.apple.product-type.application";
		};
		7235ED1C24F8038100836CC0 /* ArchitecturePlaygroundTests */ = {
			isa = PBXNativeTarget;
			buildConfigurationList = 7235ED3424F8038100836CC0 /* Build configuration list for PBXNativeTarget "ArchitecturePlaygroundTests" */;
			buildPhases = (
				7235ED1924F8038100836CC0 /* Sources */,
				7235ED1A24F8038100836CC0 /* Frameworks */,
				7235ED1B24F8038100836CC0 /* Resources */,
			);
			buildRules = (
			);
			dependencies = (
				7235ED1F24F8038100836CC0 /* PBXTargetDependency */,
			);
			name = ArchitecturePlaygroundTests;
			productName = ArchitecturePlaygroundTests;
			productReference = 7235ED1D24F8038100836CC0 /* ArchitecturePlaygroundTests.xctest */;
			productType = "com.apple.product-type.bundle.unit-test";
		};
		7235ED2724F8038100836CC0 /* ArchitecturePlaygroundUITests */ = {
			isa = PBXNativeTarget;
			buildConfigurationList = 7235ED3724F8038100836CC0 /* Build configuration list for PBXNativeTarget "ArchitecturePlaygroundUITests" */;
			buildPhases = (
				7235ED2424F8038100836CC0 /* Sources */,
				7235ED2524F8038100836CC0 /* Frameworks */,
				7235ED2624F8038100836CC0 /* Resources */,
			);
			buildRules = (
			);
			dependencies = (
				7235ED2A24F8038100836CC0 /* PBXTargetDependency */,
			);
			name = ArchitecturePlaygroundUITests;
			productName = ArchitecturePlaygroundUITests;
			productReference = 7235ED2824F8038100836CC0 /* ArchitecturePlaygroundUITests.xctest */;
			productType = "com.apple.product-type.bundle.ui-testing";
		};
/* End PBXNativeTarget section */

/* Begin PBXProject section */
		7235ECFF24F8037F00836CC0 /* Project object */ = {
			isa = PBXProject;
			attributes = {
				LastSwiftUpdateCheck = 1160;
				LastUpgradeCheck = 1200;
				ORGANIZATIONNAME = ServiceTitan;
				TargetAttributes = {
					7235ED0624F8037F00836CC0 = {
						CreatedOnToolsVersion = 11.6;
					};
					7235ED1C24F8038100836CC0 = {
						CreatedOnToolsVersion = 11.6;
						TestTargetID = 7235ED0624F8037F00836CC0;
					};
					7235ED2724F8038100836CC0 = {
						CreatedOnToolsVersion = 11.6;
						TestTargetID = 7235ED0624F8037F00836CC0;
					};
				};
			};
			buildConfigurationList = 7235ED0224F8037F00836CC0 /* Build configuration list for PBXProject "ArchitecturePlayground" */;
			compatibilityVersion = "Xcode 9.3";
			developmentRegion = en;
			hasScannedForEncodings = 0;
			knownRegions = (
				en,
				Base,
			);
			mainGroup = 7235ECFE24F8037F00836CC0;
			productRefGroup = 7235ED0824F8037F00836CC0 /* Products */;
			projectDirPath = "";
			projectRoot = "";
			targets = (
				7235ED0624F8037F00836CC0 /* ArchitecturePlayground */,
				7235ED1C24F8038100836CC0 /* ArchitecturePlaygroundTests */,
				7235ED2724F8038100836CC0 /* ArchitecturePlaygroundUITests */,
			);
		};
/* End PBXProject section */

/* Begin PBXResourcesBuildPhase section */
		7235ED0524F8037F00836CC0 /* Resources */ = {
			isa = PBXResourcesBuildPhase;
			buildActionMask = 2147483647;
			files = (
				7235ED1724F8038100836CC0 /* LaunchScreen.storyboard in Resources */,
				7235ED1424F8038100836CC0 /* Preview Assets.xcassets in Resources */,
				7235ED1124F8038100836CC0 /* Assets.xcassets in Resources */,
			);
			runOnlyForDeploymentPostprocessing = 0;
		};
		7235ED1B24F8038100836CC0 /* Resources */ = {
			isa = PBXResourcesBuildPhase;
			buildActionMask = 2147483647;
			files = (
			);
			runOnlyForDeploymentPostprocessing = 0;
		};
		7235ED2624F8038100836CC0 /* Resources */ = {
			isa = PBXResourcesBuildPhase;
			buildActionMask = 2147483647;
			files = (
			);
			runOnlyForDeploymentPostprocessing = 0;
		};
/* End PBXResourcesBuildPhase section */

/* Begin PBXSourcesBuildPhase section */
		7235ED0324F8037F00836CC0 /* Sources */ = {
			isa = PBXSourcesBuildPhase;
			buildActionMask = 2147483647;
			files = (
				72FB427324FEB37C0013EFA5 /* JobListMVVMCoordinator.swift in Sources */,
				72EDCC5B24FE978500A511A1 /* AuthenticationMVVMViewModel.swift in Sources */,
				72FB427524FEB5AB0013EFA5 /* JobsAPI.swift in Sources */,
				7235ED0B24F8037F00836CC0 /* AppDelegate.swift in Sources */,
				7235ED0D24F8037F00836CC0 /* SceneDelegate.swift in Sources */,
				72EDCC4724FE8F0900A511A1 /* AuthenticationView.swift in Sources */,
				72EDCC5924FE974B00A511A1 /* AuthenticationMVVMView.swift in Sources */,
				72EDCC4B24FE8F2400A511A1 /* JobDetailView.swift in Sources */,
				72FB426F24FEB3550013EFA5 /* JobListMVVMView.swift in Sources */,
				72EDCC5024FE924500A511A1 /* AuthenticationAPI.swift in Sources */,
				72FB426424FE9E860013EFA5 /* UserSessionRepository.swift in Sources */,
				72EDCC5D24FE979600A511A1 /* AuthenticationMVVMCoordinator.swift in Sources */,
				72FB427C24FEC69E0013EFA5 /* JobDetailsMVVMCoordinator.swift in Sources */,
				72EDCC6024FE994200A511A1 /* Coordinator.swift in Sources */,
				72FB427A24FEC68E0013EFA5 /* JobDetailsMVVMViewModel.swift in Sources */,
				72EDCC4924FE8F1700A511A1 /* JobListView.swift in Sources */,
				72FB427824FEC6770013EFA5 /* JobDetailsMVVMView.swift in Sources */,
				72FB426124FE9DC20013EFA5 /* UserSessionStore.swift in Sources */,
				7235ED3C24F803C200836CC0 /* AuthVIPER.swift in Sources */,
				72FB426D24FEABEB0013EFA5 /* Job.swift in Sources */,
				72FB427124FEB36B0013EFA5 /* JobListMVVMViewModel.swift in Sources */,
				72FB426724FEA7C00013EFA5 /* PublisherExtensions.swift in Sources */,
				72FB426B24FEABD50013EFA5 /* UserSession.swift in Sources */,
			);
			runOnlyForDeploymentPostprocessing = 0;
		};
		7235ED1924F8038100836CC0 /* Sources */ = {
			isa = PBXSourcesBuildPhase;
			buildActionMask = 2147483647;
			files = (
				7235ED2224F8038100836CC0 /* ArchitecturePlaygroundTests.swift in Sources */,
			);
			runOnlyForDeploymentPostprocessing = 0;
		};
		7235ED2424F8038100836CC0 /* Sources */ = {
			isa = PBXSourcesBuildPhase;
			buildActionMask = 2147483647;
			files = (
				7235ED2D24F8038100836CC0 /* ArchitecturePlaygroundUITests.swift in Sources */,
			);
			runOnlyForDeploymentPostprocessing = 0;
		};
/* End PBXSourcesBuildPhase section */

/* Begin PBXTargetDependency section */
		7235ED1F24F8038100836CC0 /* PBXTargetDependency */ = {
			isa = PBXTargetDependency;
			target = 7235ED0624F8037F00836CC0 /* ArchitecturePlayground */;
			targetProxy = 7235ED1E24F8038100836CC0 /* PBXContainerItemProxy */;
		};
		7235ED2A24F8038100836CC0 /* PBXTargetDependency */ = {
			isa = PBXTargetDependency;
			target = 7235ED0624F8037F00836CC0 /* ArchitecturePlayground */;
			targetProxy = 7235ED2924F8038100836CC0 /* PBXContainerItemProxy */;
		};
/* End PBXTargetDependency section */

/* Begin PBXVariantGroup section */
		7235ED1524F8038100836CC0 /* LaunchScreen.storyboard */ = {
			isa = PBXVariantGroup;
			children = (
				7235ED1624F8038100836CC0 /* Base */,
			);
			name = LaunchScreen.storyboard;
			sourceTree = "<group>";
		};
/* End PBXVariantGroup section */

/* Begin XCBuildConfiguration section */
		7235ED2F24F8038100836CC0 /* Debug */ = {
			isa = XCBuildConfiguration;
			buildSettings = {
				ALWAYS_SEARCH_USER_PATHS = NO;
				CLANG_ANALYZER_NONNULL = YES;
				CLANG_ANALYZER_NUMBER_OBJECT_CONVERSION = YES_AGGRESSIVE;
				CLANG_CXX_LANGUAGE_STANDARD = "gnu++14";
				CLANG_CXX_LIBRARY = "libc++";
				CLANG_ENABLE_MODULES = YES;
				CLANG_ENABLE_OBJC_ARC = YES;
				CLANG_ENABLE_OBJC_WEAK = YES;
				CLANG_WARN_BLOCK_CAPTURE_AUTORELEASING = YES;
				CLANG_WARN_BOOL_CONVERSION = YES;
				CLANG_WARN_COMMA = YES;
				CLANG_WARN_CONSTANT_CONVERSION = YES;
				CLANG_WARN_DEPRECATED_OBJC_IMPLEMENTATIONS = YES;
				CLANG_WARN_DIRECT_OBJC_ISA_USAGE = YES_ERROR;
				CLANG_WARN_DOCUMENTATION_COMMENTS = YES;
				CLANG_WARN_EMPTY_BODY = YES;
				CLANG_WARN_ENUM_CONVERSION = YES;
				CLANG_WARN_INFINITE_RECURSION = YES;
				CLANG_WARN_INT_CONVERSION = YES;
				CLANG_WARN_NON_LITERAL_NULL_CONVERSION = YES;
				CLANG_WARN_OBJC_IMPLICIT_RETAIN_SELF = YES;
				CLANG_WARN_OBJC_LITERAL_CONVERSION = YES;
				CLANG_WARN_OBJC_ROOT_CLASS = YES_ERROR;
				CLANG_WARN_QUOTED_INCLUDE_IN_FRAMEWORK_HEADER = YES;
				CLANG_WARN_RANGE_LOOP_ANALYSIS = YES;
				CLANG_WARN_STRICT_PROTOTYPES = YES;
				CLANG_WARN_SUSPICIOUS_MOVE = YES;
				CLANG_WARN_UNGUARDED_AVAILABILITY = YES_AGGRESSIVE;
				CLANG_WARN_UNREACHABLE_CODE = YES;
				CLANG_WARN__DUPLICATE_METHOD_MATCH = YES;
				COPY_PHASE_STRIP = NO;
				DEBUG_INFORMATION_FORMAT = dwarf;
				ENABLE_STRICT_OBJC_MSGSEND = YES;
				ENABLE_TESTABILITY = YES;
				GCC_C_LANGUAGE_STANDARD = gnu11;
				GCC_DYNAMIC_NO_PIC = NO;
				GCC_NO_COMMON_BLOCKS = YES;
				GCC_OPTIMIZATION_LEVEL = 0;
				GCC_PREPROCESSOR_DEFINITIONS = (
					"DEBUG=1",
					"$(inherited)",
				);
				GCC_WARN_64_TO_32_BIT_CONVERSION = YES;
				GCC_WARN_ABOUT_RETURN_TYPE = YES_ERROR;
				GCC_WARN_UNDECLARED_SELECTOR = YES;
				GCC_WARN_UNINITIALIZED_AUTOS = YES_AGGRESSIVE;
				GCC_WARN_UNUSED_FUNCTION = YES;
				GCC_WARN_UNUSED_VARIABLE = YES;
				IPHONEOS_DEPLOYMENT_TARGET = 14.0;
				MTL_ENABLE_DEBUG_INFO = INCLUDE_SOURCE;
				MTL_FAST_MATH = YES;
				ONLY_ACTIVE_ARCH = YES;
				SDKROOT = iphoneos;
				SWIFT_ACTIVE_COMPILATION_CONDITIONS = DEBUG;
				SWIFT_OPTIMIZATION_LEVEL = "-Onone";
			};
			name = Debug;
		};
		7235ED3024F8038100836CC0 /* Release */ = {
			isa = XCBuildConfiguration;
			buildSettings = {
				ALWAYS_SEARCH_USER_PATHS = NO;
				CLANG_ANALYZER_NONNULL = YES;
				CLANG_ANALYZER_NUMBER_OBJECT_CONVERSION = YES_AGGRESSIVE;
				CLANG_CXX_LANGUAGE_STANDARD = "gnu++14";
				CLANG_CXX_LIBRARY = "libc++";
				CLANG_ENABLE_MODULES = YES;
				CLANG_ENABLE_OBJC_ARC = YES;
				CLANG_ENABLE_OBJC_WEAK = YES;
				CLANG_WARN_BLOCK_CAPTURE_AUTORELEASING = YES;
				CLANG_WARN_BOOL_CONVERSION = YES;
				CLANG_WARN_COMMA = YES;
				CLANG_WARN_CONSTANT_CONVERSION = YES;
				CLANG_WARN_DEPRECATED_OBJC_IMPLEMENTATIONS = YES;
				CLANG_WARN_DIRECT_OBJC_ISA_USAGE = YES_ERROR;
				CLANG_WARN_DOCUMENTATION_COMMENTS = YES;
				CLANG_WARN_EMPTY_BODY = YES;
				CLANG_WARN_ENUM_CONVERSION = YES;
				CLANG_WARN_INFINITE_RECURSION = YES;
				CLANG_WARN_INT_CONVERSION = YES;
				CLANG_WARN_NON_LITERAL_NULL_CONVERSION = YES;
				CLANG_WARN_OBJC_IMPLICIT_RETAIN_SELF = YES;
				CLANG_WARN_OBJC_LITERAL_CONVERSION = YES;
				CLANG_WARN_OBJC_ROOT_CLASS = YES_ERROR;
				CLANG_WARN_QUOTED_INCLUDE_IN_FRAMEWORK_HEADER = YES;
				CLANG_WARN_RANGE_LOOP_ANALYSIS = YES;
				CLANG_WARN_STRICT_PROTOTYPES = YES;
				CLANG_WARN_SUSPICIOUS_MOVE = YES;
				CLANG_WARN_UNGUARDED_AVAILABILITY = YES_AGGRESSIVE;
				CLANG_WARN_UNREACHABLE_CODE = YES;
				CLANG_WARN__DUPLICATE_METHOD_MATCH = YES;
				COPY_PHASE_STRIP = NO;
				DEBUG_INFORMATION_FORMAT = "dwarf-with-dsym";
				ENABLE_NS_ASSERTIONS = NO;
				ENABLE_STRICT_OBJC_MSGSEND = YES;
				GCC_C_LANGUAGE_STANDARD = gnu11;
				GCC_NO_COMMON_BLOCKS = YES;
				GCC_WARN_64_TO_32_BIT_CONVERSION = YES;
				GCC_WARN_ABOUT_RETURN_TYPE = YES_ERROR;
				GCC_WARN_UNDECLARED_SELECTOR = YES;
				GCC_WARN_UNINITIALIZED_AUTOS = YES_AGGRESSIVE;
				GCC_WARN_UNUSED_FUNCTION = YES;
				GCC_WARN_UNUSED_VARIABLE = YES;
				IPHONEOS_DEPLOYMENT_TARGET = 14.0;
				MTL_ENABLE_DEBUG_INFO = NO;
				MTL_FAST_MATH = YES;
				SDKROOT = iphoneos;
				SWIFT_COMPILATION_MODE = wholemodule;
				SWIFT_OPTIMIZATION_LEVEL = "-O";
				VALIDATE_PRODUCT = YES;
			};
			name = Release;
		};
		7235ED3224F8038100836CC0 /* Debug */ = {
			isa = XCBuildConfiguration;
			buildSettings = {
				ASSETCATALOG_COMPILER_APPICON_NAME = AppIcon;
				CODE_SIGN_STYLE = Automatic;
				DEVELOPMENT_ASSET_PATHS = "\"ArchitecturePlayground/Preview Content\"";
				DEVELOPMENT_TEAM = 5BQBBJG878;
				ENABLE_PREVIEWS = YES;
				INFOPLIST_FILE = ArchitecturePlayground/Info.plist;
				LD_RUNPATH_SEARCH_PATHS = (
					"$(inherited)",
					"@executable_path/Frameworks",
				);
				PRODUCT_BUNDLE_IDENTIFIER = com.servicetitan.ArchitecturePlayground;
				PRODUCT_NAME = "$(TARGET_NAME)";
				SWIFT_VERSION = 5.0;
				TARGETED_DEVICE_FAMILY = "1,2";
			};
			name = Debug;
		};
		7235ED3324F8038100836CC0 /* Release */ = {
			isa = XCBuildConfiguration;
			buildSettings = {
				ASSETCATALOG_COMPILER_APPICON_NAME = AppIcon;
				CODE_SIGN_STYLE = Automatic;
				DEVELOPMENT_ASSET_PATHS = "\"ArchitecturePlayground/Preview Content\"";
				DEVELOPMENT_TEAM = 5BQBBJG878;
				ENABLE_PREVIEWS = YES;
				INFOPLIST_FILE = ArchitecturePlayground/Info.plist;
				LD_RUNPATH_SEARCH_PATHS = (
					"$(inherited)",
					"@executable_path/Frameworks",
				);
				PRODUCT_BUNDLE_IDENTIFIER = com.servicetitan.ArchitecturePlayground;
				PRODUCT_NAME = "$(TARGET_NAME)";
				SWIFT_VERSION = 5.0;
				TARGETED_DEVICE_FAMILY = "1,2";
			};
			name = Release;
		};
		7235ED3524F8038100836CC0 /* Debug */ = {
			isa = XCBuildConfiguration;
			buildSettings = {
				ALWAYS_EMBED_SWIFT_STANDARD_LIBRARIES = YES;
				BUNDLE_LOADER = "$(TEST_HOST)";
				CODE_SIGN_STYLE = Automatic;
				DEVELOPMENT_TEAM = 5BQBBJG878;
				INFOPLIST_FILE = ArchitecturePlaygroundTests/Info.plist;
				IPHONEOS_DEPLOYMENT_TARGET = 13.6;
				LD_RUNPATH_SEARCH_PATHS = (
					"$(inherited)",
					"@executable_path/Frameworks",
					"@loader_path/Frameworks",
				);
				PRODUCT_BUNDLE_IDENTIFIER = com.servicetitan.ArchitecturePlaygroundTests;
				PRODUCT_NAME = "$(TARGET_NAME)";
				SWIFT_VERSION = 5.0;
				TARGETED_DEVICE_FAMILY = "1,2";
				TEST_HOST = "$(BUILT_PRODUCTS_DIR)/ArchitecturePlayground.app/ArchitecturePlayground";
			};
			name = Debug;
		};
		7235ED3624F8038100836CC0 /* Release */ = {
			isa = XCBuildConfiguration;
			buildSettings = {
				ALWAYS_EMBED_SWIFT_STANDARD_LIBRARIES = YES;
				BUNDLE_LOADER = "$(TEST_HOST)";
				CODE_SIGN_STYLE = Automatic;
				DEVELOPMENT_TEAM = 5BQBBJG878;
				INFOPLIST_FILE = ArchitecturePlaygroundTests/Info.plist;
				IPHONEOS_DEPLOYMENT_TARGET = 13.6;
				LD_RUNPATH_SEARCH_PATHS = (
					"$(inherited)",
					"@executable_path/Frameworks",
					"@loader_path/Frameworks",
				);
				PRODUCT_BUNDLE_IDENTIFIER = com.servicetitan.ArchitecturePlaygroundTests;
				PRODUCT_NAME = "$(TARGET_NAME)";
				SWIFT_VERSION = 5.0;
				TARGETED_DEVICE_FAMILY = "1,2";
				TEST_HOST = "$(BUILT_PRODUCTS_DIR)/ArchitecturePlayground.app/ArchitecturePlayground";
			};
			name = Release;
		};
		7235ED3824F8038100836CC0 /* Debug */ = {
			isa = XCBuildConfiguration;
			buildSettings = {
				ALWAYS_EMBED_SWIFT_STANDARD_LIBRARIES = YES;
				CODE_SIGN_STYLE = Automatic;
				DEVELOPMENT_TEAM = 5BQBBJG878;
				INFOPLIST_FILE = ArchitecturePlaygroundUITests/Info.plist;
				LD_RUNPATH_SEARCH_PATHS = (
					"$(inherited)",
					"@executable_path/Frameworks",
					"@loader_path/Frameworks",
				);
				PRODUCT_BUNDLE_IDENTIFIER = com.servicetitan.ArchitecturePlaygroundUITests;
				PRODUCT_NAME = "$(TARGET_NAME)";
				SWIFT_VERSION = 5.0;
				TARGETED_DEVICE_FAMILY = "1,2";
				TEST_TARGET_NAME = ArchitecturePlayground;
			};
			name = Debug;
		};
		7235ED3924F8038100836CC0 /* Release */ = {
			isa = XCBuildConfiguration;
			buildSettings = {
				ALWAYS_EMBED_SWIFT_STANDARD_LIBRARIES = YES;
				CODE_SIGN_STYLE = Automatic;
				DEVELOPMENT_TEAM = 5BQBBJG878;
				INFOPLIST_FILE = ArchitecturePlaygroundUITests/Info.plist;
				LD_RUNPATH_SEARCH_PATHS = (
					"$(inherited)",
					"@executable_path/Frameworks",
					"@loader_path/Frameworks",
				);
				PRODUCT_BUNDLE_IDENTIFIER = com.servicetitan.ArchitecturePlaygroundUITests;
				PRODUCT_NAME = "$(TARGET_NAME)";
				SWIFT_VERSION = 5.0;
				TARGETED_DEVICE_FAMILY = "1,2";
				TEST_TARGET_NAME = ArchitecturePlayground;
			};
			name = Release;
		};
/* End XCBuildConfiguration section */

/* Begin XCConfigurationList section */
		7235ED0224F8037F00836CC0 /* Build configuration list for PBXProject "ArchitecturePlayground" */ = {
			isa = XCConfigurationList;
			buildConfigurations = (
				7235ED2F24F8038100836CC0 /* Debug */,
				7235ED3024F8038100836CC0 /* Release */,
			);
			defaultConfigurationIsVisible = 0;
			defaultConfigurationName = Release;
		};
		7235ED3124F8038100836CC0 /* Build configuration list for PBXNativeTarget "ArchitecturePlayground" */ = {
			isa = XCConfigurationList;
			buildConfigurations = (
				7235ED3224F8038100836CC0 /* Debug */,
				7235ED3324F8038100836CC0 /* Release */,
			);
			defaultConfigurationIsVisible = 0;
			defaultConfigurationName = Release;
		};
		7235ED3424F8038100836CC0 /* Build configuration list for PBXNativeTarget "ArchitecturePlaygroundTests" */ = {
			isa = XCConfigurationList;
			buildConfigurations = (
				7235ED3524F8038100836CC0 /* Debug */,
				7235ED3624F8038100836CC0 /* Release */,
			);
			defaultConfigurationIsVisible = 0;
			defaultConfigurationName = Release;
		};
		7235ED3724F8038100836CC0 /* Build configuration list for PBXNativeTarget "ArchitecturePlaygroundUITests" */ = {
			isa = XCConfigurationList;
			buildConfigurations = (
				7235ED3824F8038100836CC0 /* Debug */,
				7235ED3924F8038100836CC0 /* Release */,
			);
			defaultConfigurationIsVisible = 0;
			defaultConfigurationName = Release;
		};
/* End XCConfigurationList section */
	};
	rootObject = 7235ECFF24F8037F00836CC0 /* Project object */;
}
